// !$*UTF8*$!
{
	archiveVersion = 1;
	classes = {
	};
	objectVersion = 51;
	objects = {

/* Begin PBXBuildFile section */
		052746A1273D7E360002D5DA /* JoinPageWC.swift in Sources */ = {isa = PBXBuildFile; fileRef = 0527469F273D7E360002D5DA /* JoinPageWC.swift */; };
		052746A2273D7E360002D5DA /* JoinPageWC.xib in Resources */ = {isa = PBXBuildFile; fileRef = 052746A0273D7E360002D5DA /* JoinPageWC.xib */; };
		052746A5273D90A40002D5DA /* MainPageWC.swift in Sources */ = {isa = PBXBuildFile; fileRef = 052746A3273D90A40002D5DA /* MainPageWC.swift */; };
		052746A6273D90A40002D5DA /* MainPageWC.xib in Resources */ = {isa = PBXBuildFile; fileRef = 052746A4273D90A40002D5DA /* MainPageWC.xib */; };
		052746A9273EA9FA0002D5DA /* LoginPageWC.swift in Sources */ = {isa = PBXBuildFile; fileRef = 052746A7273EA9FA0002D5DA /* LoginPageWC.swift */; };
		052746AA273EA9FA0002D5DA /* LoginPageWC.xib in Resources */ = {isa = PBXBuildFile; fileRef = 052746A8273EA9FA0002D5DA /* LoginPageWC.xib */; };
		05D50D6D273CF6A30066E054 /* AppDelegate.swift in Sources */ = {isa = PBXBuildFile; fileRef = 05D50D6C273CF6A30066E054 /* AppDelegate.swift */; };
		05D50D6F273CF6A30066E054 /* SceneDelegate.swift in Sources */ = {isa = PBXBuildFile; fileRef = 05D50D6E273CF6A30066E054 /* SceneDelegate.swift */; };
		05D50D71273CF6A30066E054 /* ViewController.swift in Sources */ = {isa = PBXBuildFile; fileRef = 05D50D70273CF6A30066E054 /* ViewController.swift */; };
		05D50D74273CF6A30066E054 /* Main.storyboard in Resources */ = {isa = PBXBuildFile; fileRef = 05D50D72273CF6A30066E054 /* Main.storyboard */; };
		05D50D76273CF6A60066E054 /* Assets.xcassets in Resources */ = {isa = PBXBuildFile; fileRef = 05D50D75273CF6A60066E054 /* Assets.xcassets */; };
		05D50D79273CF6A60066E054 /* LaunchScreen.storyboard in Resources */ = {isa = PBXBuildFile; fileRef = 05D50D77273CF6A60066E054 /* LaunchScreen.storyboard */; };
		05D50D81273CF6F80066E054 /* GoogleService-Info.plist in Resources */ = {isa = PBXBuildFile; fileRef = 05D50D80273CF6F80066E054 /* GoogleService-Info.plist */; };
		4D566F70DE3BB1DD42096874 /* Pods_AppS1mple.framework in Frameworks */ = {isa = PBXBuildFile; fileRef = F5A13B8173F8D5338CD37574 /* Pods_AppS1mple.framework */; };
/* End PBXBuildFile section */

/* Begin PBXFileReference section */
		0527469F273D7E360002D5DA /* JoinPageWC.swift */ = {isa = PBXFileReference; lastKnownFileType = sourcecode.swift; name = JoinPageWC.swift; path = AppS1mple/JoinPageWC.swift; sourceTree = SOURCE_ROOT; };
		052746A0273D7E360002D5DA /* JoinPageWC.xib */ = {isa = PBXFileReference; lastKnownFileType = file.xib; path = JoinPageWC.xib; sourceTree = "<group>"; };
		052746A3273D90A40002D5DA /* MainPageWC.swift */ = {isa = PBXFileReference; lastKnownFileType = sourcecode.swift; path = MainPageWC.swift; sourceTree = "<group>"; };
		052746A4273D90A40002D5DA /* MainPageWC.xib */ = {isa = PBXFileReference; lastKnownFileType = file.xib; path = MainPageWC.xib; sourceTree = "<group>"; };
		052746A7273EA9FA0002D5DA /* LoginPageWC.swift */ = {isa = PBXFileReference; lastKnownFileType = sourcecode.swift; path = LoginPageWC.swift; sourceTree = "<group>"; };
		052746A8273EA9FA0002D5DA /* LoginPageWC.xib */ = {isa = PBXFileReference; lastKnownFileType = file.xib; path = LoginPageWC.xib; sourceTree = "<group>"; };
		05D50D69273CF6A30066E054 /* AppS1mple.app */ = {isa = PBXFileReference; explicitFileType = wrapper.application; includeInIndex = 0; path = AppS1mple.app; sourceTree = BUILT_PRODUCTS_DIR; };
		05D50D6C273CF6A30066E054 /* AppDelegate.swift */ = {isa = PBXFileReference; lastKnownFileType = sourcecode.swift; name = AppDelegate.swift; path = ../../../../../../../../Desktop/AppS1mple/AppS1mple/AppDelegate.swift; sourceTree = BUILT_PRODUCTS_DIR; usesTabs = 0; };
		05D50D6E273CF6A30066E054 /* SceneDelegate.swift */ = {isa = PBXFileReference; lastKnownFileType = sourcecode.swift; name = SceneDelegate.swift; path = AppS1mple/SceneDelegate.swift; sourceTree = SOURCE_ROOT; };
		05D50D70273CF6A30066E054 /* ViewController.swift */ = {isa = PBXFileReference; lastKnownFileType = sourcecode.swift; path = ViewController.swift; sourceTree = "<group>"; };
		05D50D73273CF6A30066E054 /* Base */ = {isa = PBXFileReference; lastKnownFileType = file.storyboard; name = Base; path = Base.lproj/Main.storyboard; sourceTree = "<group>"; };
		05D50D75273CF6A60066E054 /* Assets.xcassets */ = {isa = PBXFileReference; lastKnownFileType = folder.assetcatalog; path = Assets.xcassets; sourceTree = "<group>"; };
		05D50D78273CF6A60066E054 /* Base */ = {isa = PBXFileReference; lastKnownFileType = file.storyboard; name = Base; path = Base.lproj/LaunchScreen.storyboard; sourceTree = "<group>"; };
		05D50D7A273CF6A60066E054 /* Info.plist */ = {isa = PBXFileReference; lastKnownFileType = text.plist.xml; path = Info.plist; sourceTree = "<group>"; };
		05D50D80273CF6F80066E054 /* GoogleService-Info.plist */ = {isa = PBXFileReference; fileEncoding = 4; lastKnownFileType = text.plist.xml; path = "GoogleService-Info.plist"; sourceTree = "<group>"; };
		0B2548CE5122E7E82A6CF053 /* Pods-AppS1mple.debug.xcconfig */ = {isa = PBXFileReference; includeInIndex = 1; lastKnownFileType = text.xcconfig; name = "Pods-AppS1mple.debug.xcconfig"; path = "Target Support Files/Pods-AppS1mple/Pods-AppS1mple.debug.xcconfig"; sourceTree = "<group>"; };
		29D87564A49D228CD1033722 /* Pods-AppS1mple.release.xcconfig */ = {isa = PBXFileReference; includeInIndex = 1; lastKnownFileType = text.xcconfig; name = "Pods-AppS1mple.release.xcconfig"; path = "Target Support Files/Pods-AppS1mple/Pods-AppS1mple.release.xcconfig"; sourceTree = "<group>"; };
		F5A13B8173F8D5338CD37574 /* Pods_AppS1mple.framework */ = {isa = PBXFileReference; explicitFileType = wrapper.framework; includeInIndex = 0; path = Pods_AppS1mple.framework; sourceTree = BUILT_PRODUCTS_DIR; };
/* End PBXFileReference section */

/* Begin PBXFrameworksBuildPhase section */
		05D50D66273CF6A30066E054 /* Frameworks */ = {
			isa = PBXFrameworksBuildPhase;
			buildActionMask = 2147483647;
			files = (
				4D566F70DE3BB1DD42096874 /* Pods_AppS1mple.framework in Frameworks */,
			);
			runOnlyForDeploymentPostprocessing = 0;
		};
/* End PBXFrameworksBuildPhase section */

/* Begin PBXGroup section */
		05D50D60273CF6A30066E054 = {
			isa = PBXGroup;
			children = (
				05D50D6B273CF6A30066E054 /* AppS1mple */,
				05D50D6A273CF6A30066E054 /* Products */,
				07B63016113CCD876BCE989C /* Pods */,
				593D0DA65D1323B917EBAB4D /* Frameworks */,
			);
			sourceTree = "<group>";
		};
		05D50D6A273CF6A30066E054 /* Products */ = {
			isa = PBXGroup;
			children = (
				05D50D69273CF6A30066E054 /* AppS1mple.app */,
			);
			name = Products;
			sourceTree = "<group>";
		};
		05D50D6B273CF6A30066E054 /* AppS1mple */ = {
			isa = PBXGroup;
			children = (
				05D50D80273CF6F80066E054 /* GoogleService-Info.plist */,
				05D50D6C273CF6A30066E054 /* AppDelegate.swift */,
				05D50D6E273CF6A30066E054 /* SceneDelegate.swift */,
				05D50D70273CF6A30066E054 /* ViewController.swift */,
				05D50D72273CF6A30066E054 /* Main.storyboard */,
				05D50D75273CF6A60066E054 /* Assets.xcassets */,
				05D50D77273CF6A60066E054 /* LaunchScreen.storyboard */,
				05D50D7A273CF6A60066E054 /* Info.plist */,
				0527469F273D7E360002D5DA /* JoinPageWC.swift */,
				052746A0273D7E360002D5DA /* JoinPageWC.xib */,
				052746A3273D90A40002D5DA /* MainPageWC.swift */,
				052746A4273D90A40002D5DA /* MainPageWC.xib */,
				052746A7273EA9FA0002D5DA /* LoginPageWC.swift */,
				052746A8273EA9FA0002D5DA /* LoginPageWC.xib */,
			);
			path = AppS1mple;
			sourceTree = "<group>";
		};
		07B63016113CCD876BCE989C /* Pods */ = {
			isa = PBXGroup;
			children = (
				0B2548CE5122E7E82A6CF053 /* Pods-AppS1mple.debug.xcconfig */,
				29D87564A49D228CD1033722 /* Pods-AppS1mple.release.xcconfig */,
			);
			path = Pods;
			sourceTree = "<group>";
		};
		593D0DA65D1323B917EBAB4D /* Frameworks */ = {
			isa = PBXGroup;
			children = (
				F5A13B8173F8D5338CD37574 /* Pods_AppS1mple.framework */,
			);
			name = Frameworks;
			sourceTree = "<group>";
		};
/* End PBXGroup section */

/* Begin PBXNativeTarget section */
		05D50D68273CF6A30066E054 /* AppS1mple */ = {
			isa = PBXNativeTarget;
			buildConfigurationList = 05D50D7D273CF6A60066E054 /* Build configuration list for PBXNativeTarget "AppS1mple" */;
			buildPhases = (
				CB2C6591A6082001D22515BE /* [CP] Check Pods Manifest.lock */,
				05D50D65273CF6A30066E054 /* Sources */,
				05D50D66273CF6A30066E054 /* Frameworks */,
				05D50D67273CF6A30066E054 /* Resources */,
				A86A3B271A6527D8F280A798 /* [CP] Embed Pods Frameworks */,
			);
			buildRules = (
			);
			dependencies = (
			);
			name = AppS1mple;
			productName = AppS1mple;
			productReference = 05D50D69273CF6A30066E054 /* AppS1mple.app */;
			productType = "com.apple.product-type.application";
		};
/* End PBXNativeTarget section */

/* Begin PBXProject section */
		05D50D61273CF6A30066E054 /* Project object */ = {
			isa = PBXProject;
			attributes = {
				LastSwiftUpdateCheck = 1250;
				LastUpgradeCheck = 1250;
				TargetAttributes = {
					05D50D68273CF6A30066E054 = {
						CreatedOnToolsVersion = 12.5.1;
					};
				};
			};
			buildConfigurationList = 05D50D64273CF6A30066E054 /* Build configuration list for PBXProject "AppS1mple" */;
			compatibilityVersion = "Xcode 9.3";
			developmentRegion = en;
			hasScannedForEncodings = 0;
			knownRegions = (
				en,
				Base,
			);
			mainGroup = 05D50D60273CF6A30066E054;
			productRefGroup = 05D50D6A273CF6A30066E054 /* Products */;
			projectDirPath = "";
			projectRoot = "";
			targets = (
				05D50D68273CF6A30066E054 /* AppS1mple */,
			);
		};
/* End PBXProject section */

/* Begin PBXResourcesBuildPhase section */
		05D50D67273CF6A30066E054 /* Resources */ = {
			isa = PBXResourcesBuildPhase;
			buildActionMask = 2147483647;
			files = (
				052746A2273D7E360002D5DA /* JoinPageWC.xib in Resources */,
				05D50D79273CF6A60066E054 /* LaunchScreen.storyboard in Resources */,
				05D50D81273CF6F80066E054 /* GoogleService-Info.plist in Resources */,
				052746AA273EA9FA0002D5DA /* LoginPageWC.xib in Resources */,
				052746A6273D90A40002D5DA /* MainPageWC.xib in Resources */,
				05D50D76273CF6A60066E054 /* Assets.xcassets in Resources */,
				05D50D74273CF6A30066E054 /* Main.storyboard in Resources */,
			);
			runOnlyForDeploymentPostprocessing = 0;
		};
/* End PBXResourcesBuildPhase section */

/* Begin PBXShellScriptBuildPhase section */
		A86A3B271A6527D8F280A798 /* [CP] Embed Pods Frameworks */ = {
			isa = PBXShellScriptBuildPhase;
			buildActionMask = 2147483647;
			files = (
			);
			inputFileListPaths = (
				"${PODS_ROOT}/Target Support Files/Pods-AppS1mple/Pods-AppS1mple-frameworks-${CONFIGURATION}-input-files.xcfilelist",
			);
			name = "[CP] Embed Pods Frameworks";
			outputFileListPaths = (
				"${PODS_ROOT}/Target Support Files/Pods-AppS1mple/Pods-AppS1mple-frameworks-${CONFIGURATION}-output-files.xcfilelist",
			);
			runOnlyForDeploymentPostprocessing = 0;
			shellPath = /bin/sh;
			shellScript = "\"${PODS_ROOT}/Target Support Files/Pods-AppS1mple/Pods-AppS1mple-frameworks.sh\"\n";
			showEnvVarsInLog = 0;
		};
		CB2C6591A6082001D22515BE /* [CP] Check Pods Manifest.lock */ = {
			isa = PBXShellScriptBuildPhase;
			buildActionMask = 2147483647;
			files = (
			);
			inputFileListPaths = (
			);
			inputPaths = (
				"${PODS_PODFILE_DIR_PATH}/Podfile.lock",
				"${PODS_ROOT}/Manifest.lock",
			);
			name = "[CP] Check Pods Manifest.lock";
			outputFileListPaths = (
			);
			outputPaths = (
				"$(DERIVED_FILE_DIR)/Pods-AppS1mple-checkManifestLockResult.txt",
			);
			runOnlyForDeploymentPostprocessing = 0;
			shellPath = /bin/sh;
			shellScript = "diff \"${PODS_PODFILE_DIR_PATH}/Podfile.lock\" \"${PODS_ROOT}/Manifest.lock\" > /dev/null\nif [ $? != 0 ] ; then\n    # print error to STDERR\n    echo \"error: The sandbox is not in sync with the Podfile.lock. Run 'pod install' or update your CocoaPods installation.\" >&2\n    exit 1\nfi\n# This output is used by Xcode 'outputs' to avoid re-running this script phase.\necho \"SUCCESS\" > \"${SCRIPT_OUTPUT_FILE_0}\"\n";
			showEnvVarsInLog = 0;
		};
/* End PBXShellScriptBuildPhase section */

/* Begin PBXSourcesBuildPhase section */
		05D50D65273CF6A30066E054 /* Sources */ = {
			isa = PBXSourcesBuildPhase;
			buildActionMask = 2147483647;
			files = (
				052746A9273EA9FA0002D5DA /* LoginPageWC.swift in Sources */,
				05D50D71273CF6A30066E054 /* ViewController.swift in Sources */,
				05D50D6D273CF6A30066E054 /* AppDelegate.swift in Sources */,
				052746A5273D90A40002D5DA /* MainPageWC.swift in Sources */,
				052746A1273D7E360002D5DA /* JoinPageWC.swift in Sources */,
				05D50D6F273CF6A30066E054 /* SceneDelegate.swift in Sources */,
			);
			runOnlyForDeploymentPostprocessing = 0;
		};
/* End PBXSourcesBuildPhase section */

/* Begin PBXVariantGroup section */
		05D50D72273CF6A30066E054 /* Main.storyboard */ = {
			isa = PBXVariantGroup;
			children = (
				05D50D73273CF6A30066E054 /* Base */,
			);
			name = Main.storyboard;
			sourceTree = "<group>";
		};
		05D50D77273CF6A60066E054 /* LaunchScreen.storyboard */ = {
			isa = PBXVariantGroup;
			children = (
				05D50D78273CF6A60066E054 /* Base */,
			);
			name = LaunchScreen.storyboard;
			sourceTree = "<group>";
		};
/* End PBXVariantGroup section */

/* Begin XCBuildConfiguration section */
		05D50D7B273CF6A60066E054 /* Debug */ = {
			isa = XCBuildConfiguration;
			buildSettings = {
				ALWAYS_SEARCH_USER_PATHS = NO;
				CLANG_ANALYZER_NONNULL = YES;
				CLANG_ANALYZER_NUMBER_OBJECT_CONVERSION = YES_AGGRESSIVE;
				CLANG_CXX_LANGUAGE_STANDARD = "gnu++14";
				CLANG_CXX_LIBRARY = "libc++";
				CLANG_ENABLE_MODULES = YES;
				CLANG_ENABLE_OBJC_ARC = YES;
				CLANG_ENABLE_OBJC_WEAK = YES;
				CLANG_WARN_BLOCK_CAPTURE_AUTORELEASING = YES;
				CLANG_WARN_BOOL_CONVERSION = YES;
				CLANG_WARN_COMMA = YES;
				CLANG_WARN_CONSTANT_CONVERSION = YES;
				CLANG_WARN_DEPRECATED_OBJC_IMPLEMENTATIONS = YES;
				CLANG_WARN_DIRECT_OBJC_ISA_USAGE = YES_ERROR;
				CLANG_WARN_DOCUMENTATION_COMMENTS = YES;
				CLANG_WARN_EMPTY_BODY = YES;
				CLANG_WARN_ENUM_CONVERSION = YES;
				CLANG_WARN_INFINITE_RECURSION = YES;
				CLANG_WARN_INT_CONVERSION = YES;
				CLANG_WARN_NON_LITERAL_NULL_CONVERSION = YES;
				CLANG_WARN_OBJC_IMPLICIT_RETAIN_SELF = YES;
				CLANG_WARN_OBJC_LITERAL_CONVERSION = YES;
				CLANG_WARN_OBJC_ROOT_CLASS = YES_ERROR;
				CLANG_WARN_QUOTED_INCLUDE_IN_FRAMEWORK_HEADER = YES;
				CLANG_WARN_RANGE_LOOP_ANALYSIS = YES;
				CLANG_WARN_STRICT_PROTOTYPES = YES;
				CLANG_WARN_SUSPICIOUS_MOVE = YES;
				CLANG_WARN_UNGUARDED_AVAILABILITY = YES_AGGRESSIVE;
				CLANG_WARN_UNREACHABLE_CODE = YES;
				CLANG_WARN__DUPLICATE_METHOD_MATCH = YES;
				COPY_PHASE_STRIP = NO;
				DEBUG_INFORMATION_FORMAT = dwarf;
				ENABLE_STRICT_OBJC_MSGSEND = YES;
				ENABLE_TESTABILITY = YES;
				GCC_C_LANGUAGE_STANDARD = gnu11;
				GCC_DYNAMIC_NO_PIC = NO;
				GCC_NO_COMMON_BLOCKS = YES;
				GCC_OPTIMIZATION_LEVEL = 0;
				GCC_PREPROCESSOR_DEFINITIONS = (
					"DEBUG=1",
					"$(inherited)",
				);
				GCC_WARN_64_TO_32_BIT_CONVERSION = YES;
				GCC_WARN_ABOUT_RETURN_TYPE = YES_ERROR;
				GCC_WARN_UNDECLARED_SELECTOR = YES;
				GCC_WARN_UNINITIALIZED_AUTOS = YES_AGGRESSIVE;
				GCC_WARN_UNUSED_FUNCTION = YES;
				GCC_WARN_UNUSED_VARIABLE = YES;
				IPHONEOS_DEPLOYMENT_TARGET = 14.5;
				MTL_ENABLE_DEBUG_INFO = INCLUDE_SOURCE;
				MTL_FAST_MATH = YES;
				ONLY_ACTIVE_ARCH = YES;
				SDKROOT = iphoneos;
				SWIFT_ACTIVE_COMPILATION_CONDITIONS = DEBUG;
				SWIFT_OPTIMIZATION_LEVEL = "-Onone";
			};
			name = Debug;
		};
		05D50D7C273CF6A60066E054 /* Release */ = {
			isa = XCBuildConfiguration;
			buildSettings = {
				ALWAYS_SEARCH_USER_PATHS = NO;
				CLANG_ANALYZER_NONNULL = YES;
				CLANG_ANALYZER_NUMBER_OBJECT_CONVERSION = YES_AGGRESSIVE;
				CLANG_CXX_LANGUAGE_STANDARD = "gnu++14";
				CLANG_CXX_LIBRARY = "libc++";
				CLANG_ENABLE_MODULES = YES;
				CLANG_ENABLE_OBJC_ARC = YES;
				CLANG_ENABLE_OBJC_WEAK = YES;
				CLANG_WARN_BLOCK_CAPTURE_AUTORELEASING = YES;
				CLANG_WARN_BOOL_CONVERSION = YES;
				CLANG_WARN_COMMA = YES;
				CLANG_WARN_CONSTANT_CONVERSION = YES;
				CLANG_WARN_DEPRECATED_OBJC_IMPLEMENTATIONS = YES;
				CLANG_WARN_DIRECT_OBJC_ISA_USAGE = YES_ERROR;
				CLANG_WARN_DOCUMENTATION_COMMENTS = YES;
				CLANG_WARN_EMPTY_BODY = YES;
				CLANG_WARN_ENUM_CONVERSION = YES;
				CLANG_WARN_INFINITE_RECURSION = YES;
				CLANG_WARN_INT_CONVERSION = YES;
				CLANG_WARN_NON_LITERAL_NULL_CONVERSION = YES;
				CLANG_WARN_OBJC_IMPLICIT_RETAIN_SELF = YES;
				CLANG_WARN_OBJC_LITERAL_CONVERSION = YES;
				CLANG_WARN_OBJC_ROOT_CLASS = YES_ERROR;
				CLANG_WARN_QUOTED_INCLUDE_IN_FRAMEWORK_HEADER = YES;
				CLANG_WARN_RANGE_LOOP_ANALYSIS = YES;
				CLANG_WARN_STRICT_PROTOTYPES = YES;
				CLANG_WARN_SUSPICIOUS_MOVE = YES;
				CLANG_WARN_UNGUARDED_AVAILABILITY = YES_AGGRESSIVE;
				CLANG_WARN_UNREACHABLE_CODE = YES;
				CLANG_WARN__DUPLICATE_METHOD_MATCH = YES;
				COPY_PHASE_STRIP = NO;
				DEBUG_INFORMATION_FORMAT = "dwarf-with-dsym";
				ENABLE_NS_ASSERTIONS = NO;
				ENABLE_STRICT_OBJC_MSGSEND = YES;
				GCC_C_LANGUAGE_STANDARD = gnu11;
				GCC_NO_COMMON_BLOCKS = YES;
				GCC_WARN_64_TO_32_BIT_CONVERSION = YES;
				GCC_WARN_ABOUT_RETURN_TYPE = YES_ERROR;
				GCC_WARN_UNDECLARED_SELECTOR = YES;
				GCC_WARN_UNINITIALIZED_AUTOS = YES_AGGRESSIVE;
				GCC_WARN_UNUSED_FUNCTION = YES;
				GCC_WARN_UNUSED_VARIABLE = YES;
				IPHONEOS_DEPLOYMENT_TARGET = 14.5;
				MTL_ENABLE_DEBUG_INFO = NO;
				MTL_FAST_MATH = YES;
				SDKROOT = iphoneos;
				SWIFT_COMPILATION_MODE = wholemodule;
				SWIFT_OPTIMIZATION_LEVEL = "-O";
				VALIDATE_PRODUCT = YES;
			};
			name = Release;
		};
		05D50D7E273CF6A60066E054 /* Debug */ = {
			isa = XCBuildConfiguration;
			baseConfigurationReference = 0B2548CE5122E7E82A6CF053 /* Pods-AppS1mple.debug.xcconfig */;
			buildSettings = {
				ASSETCATALOG_COMPILER_APPICON_NAME = AppIcon;
				ASSETCATALOG_COMPILER_GLOBAL_ACCENT_COLOR_NAME = AccentColor;
				CODE_SIGN_STYLE = Automatic;
				INFOPLIST_FILE = AppS1mple/Info.plist;
				LD_RUNPATH_SEARCH_PATHS = (
					"$(inherited)",
					"@executable_path/Frameworks",
				);
				PRODUCT_BUNDLE_IDENTIFIER = con.On.AppS1mple;
				PRODUCT_NAME = "$(TARGET_NAME)";
				SWIFT_VERSION = 5.0;
				TARGETED_DEVICE_FAMILY = "1,2";
			};
			name = Debug;
		};
		05D50D7F273CF6A60066E054 /* Release */ = {
			isa = XCBuildConfiguration;
			baseConfigurationReference = 29D87564A49D228CD1033722 /* Pods-AppS1mple.release.xcconfig */;
			buildSettings = {
				ASSETCATALOG_COMPILER_APPICON_NAME = AppIcon;
				ASSETCATALOG_COMPILER_GLOBAL_ACCENT_COLOR_NAME = AccentColor;
				CODE_SIGN_STYLE = Automatic;
				INFOPLIST_FILE = AppS1mple/Info.plist;
				LD_RUNPATH_SEARCH_PATHS = (
					"$(inherited)",
					"@executable_path/Frameworks",
				);
				PRODUCT_BUNDLE_IDENTIFIER = con.On.AppS1mple;
				PRODUCT_NAME = "$(TARGET_NAME)";
				SWIFT_VERSION = 5.0;
				TARGETED_DEVICE_FAMILY = "1,2";
			};
			name = Release;
		};
/* End XCBuildConfiguration section */

/* Begin XCConfigurationList section */
		05D50D64273CF6A30066E054 /* Build configuration list for PBXProject "AppS1mple" */ = {
			isa = XCConfigurationList;
			buildConfigurations = (
				05D50D7B273CF6A60066E054 /* Debug */,
				05D50D7C273CF6A60066E054 /* Release */,
			);
			defaultConfigurationIsVisible = 0;
			defaultConfigurationName = Release;
		};
		05D50D7D273CF6A60066E054 /* Build configuration list for PBXNativeTarget "AppS1mple" */ = {
			isa = XCConfigurationList;
			buildConfigurations = (
				05D50D7E273CF6A60066E054 /* Debug */,
				05D50D7F273CF6A60066E054 /* Release */,
			);
			defaultConfigurationIsVisible = 0;
			defaultConfigurationName = Release;
		};
/* End XCConfigurationList section */
	};
	rootObject = 05D50D61273CF6A30066E054 /* Project object */;
}
